
Microsoft Visual Studio Solution File, Format Version 12.00
# Visual Studio Version 17
VisualStudioVersion = 17.5.33530.505
MinimumVisualStudioVersion = 10.0.40219.1
Project("{9A19103F-16F7-4668-BE54-9A1E7A4F7556}") = "MyWebApi", "MyWebApi\MyWebApi.csproj", "{36B28D28-2A3C-4719-90A9-14C64011E339}"
EndProject
Project("{9A19103F-16F7-4668-BE54-9A1E7A4F7556}") = "WcfClientTest", "WcfClientTest\WcfClientTest.csproj", "{B3099BD4-330A-48F2-A87E-E05F0358C3A1}"
EndProject
Project("{9A19103F-16F7-4668-BE54-9A1E7A4F7556}") = "MyWCFService", "MyWcfService\MyWCFService.csproj", "{65E52EC9-51D4-4AB3-909D-03332C7B4218}"
EndProject
Project("{FAE04EC0-301F-11D3-BF4B-00C04F79EFBC}") = "MyClientMain", "MyClientMain\MyClientMain.csproj", "{910FFFC3-166D-4D7B-BC62-47252899BC43}"
EndProject
Project("{FAE04EC0-301F-11D3-BF4B-00C04F79EFBC}") = "MyClientLib", "MyClientLib\MyClientLib.csproj", "{BA326969-5C41-43CA-B703-8FBBC5C7B7F2}"
EndProject
Project("{FAE04EC0-301F-11D3-BF4B-00C04F79EFBC}") = "Huizhou", "Huizhou\Huizhou.csproj", "{19C5DF1D-0647-4FFB-87EE-3BCE8EACB877}"
EndProject
Project("{FAE04EC0-301F-11D3-BF4B-00C04F79EFBC}") = "FileTest", "FileTest\FileTest.csproj", "{C3D0BAAF-AA22-4053-AA0D-FDA62FB2323C}"
EndProject
Project("{FAE04EC0-301F-11D3-BF4B-00C04F79EFBC}") = "Suzhou", "Suzhou\Suzhou.csproj", "{E090E4B8-4BB0-43AE-8380-390E4FB2F6F5}"
EndProject
Project("{2150E333-8FDC-42A3-9474-1A3956D46DE8}") = "WcfDevForm", "WcfDevForm", "{1453E864-796F-4406-B1A8-75EF931E1F87}"
EndProject
Project("{FAE04EC0-301F-11D3-BF4B-00C04F79EFBC}") = "SapIF", "SapIF\SapIF.csproj", "{9A546DE4-09EA-4D15-818D-C05E22B6EE81}"
EndProject
Project("{54435603-DBB4-11D2-8724-00A0C9A8B90C}") = "MyClientSetup", "MyClientSetup\MyClientSetup.vdproj", "{384F9938-0CE5-4063-BCD5-FCD2B449990E}"
EndProject
Global
	GlobalSection(SolutionConfigurationPlatforms) = preSolution
		Debug|Any CPU = Debug|Any CPU
		Release|Any CPU = Release|Any CPU
	EndGlobalSection
	GlobalSection(ProjectConfigurationPlatforms) = postSolution
		{36B28D28-2A3C-4719-90A9-14C64011E339}.Debug|Any CPU.ActiveCfg = Debug|Any CPU
		{36B28D28-2A3C-4719-90A9-14C64011E339}.Debug|Any CPU.Build.0 = Debug|Any CPU
		{36B28D28-2A3C-4719-90A9-14C64011E339}.Release|Any CPU.ActiveCfg = Release|Any CPU
		{36B28D28-2A3C-4719-90A9-14C64011E339}.Release|Any CPU.Build.0 = Release|Any CPU
		{B3099BD4-330A-48F2-A87E-E05F0358C3A1}.Debug|Any CPU.ActiveCfg = Debug|Any CPU
		{B3099BD4-330A-48F2-A87E-E05F0358C3A1}.Debug|Any CPU.Build.0 = Debug|Any CPU
		{B3099BD4-330A-48F2-A87E-E05F0358C3A1}.Release|Any CPU.ActiveCfg = Release|Any CPU
		{B3099BD4-330A-48F2-A87E-E05F0358C3A1}.Release|Any CPU.Build.0 = Release|Any CPU
		{65E52EC9-51D4-4AB3-909D-03332C7B4218}.Debug|Any CPU.ActiveCfg = Debug|Any CPU
		{65E52EC9-51D4-4AB3-909D-03332C7B4218}.Debug|Any CPU.Build.0 = Debug|Any CPU
		{65E52EC9-51D4-4AB3-909D-03332C7B4218}.Release|Any CPU.ActiveCfg = Release|Any CPU
		{65E52EC9-51D4-4AB3-909D-03332C7B4218}.Release|Any CPU.Build.0 = Release|Any CPU
		{910FFFC3-166D-4D7B-BC62-47252899BC43}.Debug|Any CPU.ActiveCfg = Debug|Any CPU
		{910FFFC3-166D-4D7B-BC62-47252899BC43}.Debug|Any CPU.Build.0 = Debug|Any CPU
		{910FFFC3-166D-4D7B-BC62-47252899BC43}.Release|Any CPU.ActiveCfg = Release|Any CPU
		{910FFFC3-166D-4D7B-BC62-47252899BC43}.Release|Any CPU.Build.0 = Release|Any CPU
		{BA326969-5C41-43CA-B703-8FBBC5C7B7F2}.Debug|Any CPU.ActiveCfg = Debug|Any CPU
		{BA326969-5C41-43CA-B703-8FBBC5C7B7F2}.Debug|Any CPU.Build.0 = Debug|Any CPU
		{BA326969-5C41-43CA-B703-8FBBC5C7B7F2}.Release|Any CPU.ActiveCfg = Release|Any CPU
		{BA326969-5C41-43CA-B703-8FBBC5C7B7F2}.Release|Any CPU.Build.0 = Release|Any CPU
		{19C5DF1D-0647-4FFB-87EE-3BCE8EACB877}.Debug|Any CPU.ActiveCfg = Debug|Any CPU
		{19C5DF1D-0647-4FFB-87EE-3BCE8EACB877}.Debug|Any CPU.Build.0 = Debug|Any CPU
		{19C5DF1D-0647-4FFB-87EE-3BCE8EACB877}.Release|Any CPU.ActiveCfg = Release|Any CPU
		{19C5DF1D-0647-4FFB-87EE-3BCE8EACB877}.Release|Any CPU.Build.0 = Release|Any CPU
		{C3D0BAAF-AA22-4053-AA0D-FDA62FB2323C}.Debug|Any CPU.ActiveCfg = Debug|Any CPU
		{C3D0BAAF-AA22-4053-AA0D-FDA62FB2323C}.Debug|Any CPU.Build.0 = Debug|Any CPU
		{C3D0BAAF-AA22-4053-AA0D-FDA62FB2323C}.Release|Any CPU.ActiveCfg = Release|Any CPU
		{C3D0BAAF-AA22-4053-AA0D-FDA62FB2323C}.Release|Any CPU.Build.0 = Release|Any CPU
		{E090E4B8-4BB0-43AE-8380-390E4FB2F6F5}.Debug|Any CPU.ActiveCfg = Debug|Any CPU
		{E090E4B8-4BB0-43AE-8380-390E4FB2F6F5}.Debug|Any CPU.Build.0 = Debug|Any CPU
		{E090E4B8-4BB0-43AE-8380-390E4FB2F6F5}.Release|Any CPU.ActiveCfg = Release|Any CPU
		{E090E4B8-4BB0-43AE-8380-390E4FB2F6F5}.Release|Any CPU.Build.0 = Release|Any CPU
		{9A546DE4-09EA-4D15-818D-C05E22B6EE81}.Debug|Any CPU.ActiveCfg = Debug|Any CPU
		{9A546DE4-09EA-4D15-818D-C05E22B6EE81}.Debug|Any CPU.Build.0 = Debug|Any CPU
		{9A546DE4-09EA-4D15-818D-C05E22B6EE81}.Release|Any CPU.ActiveCfg = Release|Any CPU
		{9A546DE4-09EA-4D15-818D-C05E22B6EE81}.Release|Any CPU.Build.0 = Release|Any CPU
		{384F9938-0CE5-4063-BCD5-FCD2B449990E}.Debug|Any CPU.ActiveCfg = Debug
		{384F9938-0CE5-4063-BCD5-FCD2B449990E}.Release|Any CPU.ActiveCfg = Release
	EndGlobalSection
	GlobalSection(SolutionProperties) = preSolution
		HideSolutionNode = FALSE
	EndGlobalSection
	GlobalSection(NestedProjects) = preSolution
		{19C5DF1D-0647-4FFB-87EE-3BCE8EACB877} = {1453E864-796F-4406-B1A8-75EF931E1F87}
		{C3D0BAAF-AA22-4053-AA0D-FDA62FB2323C} = {1453E864-796F-4406-B1A8-75EF931E1F87}
		{E090E4B8-4BB0-43AE-8380-390E4FB2F6F5} = {1453E864-796F-4406-B1A8-75EF931E1F87}
		{9A546DE4-09EA-4D15-818D-C05E22B6EE81} = {1453E864-796F-4406-B1A8-75EF931E1F87}
		{384F9938-0CE5-4063-BCD5-FCD2B449990E} = {1453E864-796F-4406-B1A8-75EF931E1F87}
	EndGlobalSection
	GlobalSection(ExtensibilityGlobals) = postSolution
		SolutionGuid = {E7B2607C-0B90-46D0-98F5-62EC7307EB8D}
	EndGlobalSection
EndGlobal
